
Microsoft Visual Studio Solution File, Format Version 12.00
# Visual Studio 15
VisualStudioVersion = 15.0.27703.2042
MinimumVisualStudioVersion = 10.0.40219.1
Project("{9A19103F-16F7-4668-BE54-9A1E7A4F7556}") = "RaBlog", "RaBlog\RaBlog.csproj", "{77A9A8C4-D9DC-4B1F-981F-09A4F6E32E18}"
EndProject
Project("{9A19103F-16F7-4668-BE54-9A1E7A4F7556}") = "RaBlog.Domain", "RaBlog.Domain\RaBlog.Domain.csproj", "{3A155A59-8748-49A3-9DF4-9A86E8B552C7}"
EndProject
Global
	GlobalSection(SolutionConfigurationPlatforms) = preSolution
		Debug|Any CPU = Debug|Any CPU
		Release|Any CPU = Release|Any CPU
	EndGlobalSection
	GlobalSection(ProjectConfigurationPlatforms) = postSolution
		{77A9A8C4-D9DC-4B1F-981F-09A4F6E32E18}.Debug|Any CPU.ActiveCfg = Debug|Any CPU
		{77A9A8C4-D9DC-4B1F-981F-09A4F6E32E18}.Debug|Any CPU.Build.0 = Debug|Any CPU
		{77A9A8C4-D9DC-4B1F-981F-09A4F6E32E18}.Release|Any CPU.ActiveCfg = Release|Any CPU
		{77A9A8C4-D9DC-4B1F-981F-09A4F6E32E18}.Release|Any CPU.Build.0 = Release|Any CPU
		{3A155A59-8748-49A3-9DF4-9A86E8B552C7}.Debug|Any CPU.ActiveCfg = Debug|Any CPU
		{3A155A59-8748-49A3-9DF4-9A86E8B552C7}.Debug|Any CPU.Build.0 = Debug|Any CPU
		{3A155A59-8748-49A3-9DF4-9A86E8B552C7}.Release|Any CPU.ActiveCfg = Release|Any CPU
		{3A155A59-8748-49A3-9DF4-9A86E8B552C7}.Release|Any CPU.Build.0 = Release|Any CPU
	EndGlobalSection
	GlobalSection(SolutionProperties) = preSolution
		HideSolutionNode = FALSE
	EndGlobalSection
	GlobalSection(ExtensibilityGlobals) = postSolution
		SolutionGuid = {422E3979-0B1F-4B15-A143-7A2A1412CE03}
	EndGlobalSection
EndGlobal
