
Microsoft Visual Studio Solution File, Format Version 12.00
# Visual Studio 15
VisualStudioVersion = 15.0.26403.7
MinimumVisualStudioVersion = 10.0.40219.1
Project("{FAE04EC0-301F-11D3-BF4B-00C04F79EFBC}") = "repo", "repo\repo.csproj", "{F465360E-64AC-4776-A5DF-AB9D7D6688D0}"
EndProject
Global
	GlobalSection(SolutionConfigurationPlatforms) = preSolution
		Debug|Any CPU = Debug|Any CPU
		Release|Any CPU = Release|Any CPU
	EndGlobalSection
	GlobalSection(ProjectConfigurationPlatforms) = postSolution
		{F465360E-64AC-4776-A5DF-AB9D7D6688D0}.Debug|Any CPU.ActiveCfg = Debug|Any CPU
		{F465360E-64AC-4776-A5DF-AB9D7D6688D0}.Debug|Any CPU.Build.0 = Debug|Any CPU
		{F465360E-64AC-4776-A5DF-AB9D7D6688D0}.Release|Any CPU.ActiveCfg = Release|Any CPU
		{F465360E-64AC-4776-A5DF-AB9D7D6688D0}.Release|Any CPU.Build.0 = Release|Any CPU
	EndGlobalSection
	GlobalSection(SolutionProperties) = preSolution
		HideSolutionNode = FALSE
	EndGlobalSection
EndGlobal
