
Microsoft Visual Studio Solution File, Format Version 11.00
# Visual Studio 2010
Project("{FAE04EC0-301F-11D3-BF4B-00C04F79EFBC}") = "DataAccessMySQL", "DataAccessMySQL.csproj", "{FEC5FA81-A52D-4938-B00B-C210F7539663}"
EndProject
Global
	GlobalSection(SolutionConfigurationPlatforms) = preSolution
		Debug|Any CPU = Debug|Any CPU
		Release|Any CPU = Release|Any CPU
	EndGlobalSection
	GlobalSection(ProjectConfigurationPlatforms) = postSolution
		{FEC5FA81-A52D-4938-B00B-C210F7539663}.Debug|Any CPU.ActiveCfg = Debug|Any CPU
		{FEC5FA81-A52D-4938-B00B-C210F7539663}.Debug|Any CPU.Build.0 = Debug|Any CPU
		{FEC5FA81-A52D-4938-B00B-C210F7539663}.Release|Any CPU.ActiveCfg = Release|Any CPU
		{FEC5FA81-A52D-4938-B00B-C210F7539663}.Release|Any CPU.Build.0 = Release|Any CPU
	EndGlobalSection
	GlobalSection(SolutionProperties) = preSolution
		HideSolutionNode = FALSE
	EndGlobalSection
EndGlobal
