
Microsoft Visual Studio Solution File, Format Version 12.00
# Visual Studio 15
VisualStudioVersion = 15.0.26228.9
MinimumVisualStudioVersion = 10.0.40219.1
Project("{9A19103F-16F7-4668-BE54-9A1E7A4F7556}") = "DemoApp", "DemoApp\DemoApp.csproj", "{985A1F61-5EA9-481E-9870-2D8E008FA5D8}"
EndProject
Project("{FAE04EC0-301F-11D3-BF4B-00C04F79EFBC}") = "test", "test\test.csproj", "{C04060ED-D41A-42D8-B23F-12DEB494A854}"
EndProject
Global
	GlobalSection(SolutionConfigurationPlatforms) = preSolution
		Debug|Any CPU = Debug|Any CPU
		Release|Any CPU = Release|Any CPU
	EndGlobalSection
	GlobalSection(ProjectConfigurationPlatforms) = postSolution
		{985A1F61-5EA9-481E-9870-2D8E008FA5D8}.Debug|Any CPU.ActiveCfg = Debug|Any CPU
		{985A1F61-5EA9-481E-9870-2D8E008FA5D8}.Debug|Any CPU.Build.0 = Debug|Any CPU
		{985A1F61-5EA9-481E-9870-2D8E008FA5D8}.Release|Any CPU.ActiveCfg = Release|Any CPU
		{985A1F61-5EA9-481E-9870-2D8E008FA5D8}.Release|Any CPU.Build.0 = Release|Any CPU
		{C04060ED-D41A-42D8-B23F-12DEB494A854}.Debug|Any CPU.ActiveCfg = Debug|Any CPU
		{C04060ED-D41A-42D8-B23F-12DEB494A854}.Debug|Any CPU.Build.0 = Debug|Any CPU
		{C04060ED-D41A-42D8-B23F-12DEB494A854}.Release|Any CPU.ActiveCfg = Release|Any CPU
		{C04060ED-D41A-42D8-B23F-12DEB494A854}.Release|Any CPU.Build.0 = Release|Any CPU
	EndGlobalSection
	GlobalSection(SolutionProperties) = preSolution
		HideSolutionNode = FALSE
	EndGlobalSection
	GlobalSection(ExtensibilityGlobals) = postSolution
		SolutionGuid = {5997872B-3632-4918-ABA3-D7091760F915}
	EndGlobalSection
EndGlobal
