
Microsoft Visual Studio Solution File, Format Version 12.00
# Visual Studio 15
VisualStudioVersion = 15.0.27703.2042
MinimumVisualStudioVersion = 10.0.40219.1
Project("{FAE04EC0-301F-11D3-BF4B-00C04F79EFBC}") = "StudentApplication.Web", "StudentApplication.Web\StudentApplication.Web.csproj", "{0FDAC1C5-CA42-4DC6-9960-BD22E3CCCDF8}"
EndProject
Global
	GlobalSection(SolutionConfigurationPlatforms) = preSolution
		Debug|Any CPU = Debug|Any CPU
		Release|Any CPU = Release|Any CPU
	EndGlobalSection
	GlobalSection(ProjectConfigurationPlatforms) = postSolution
		{0FDAC1C5-CA42-4DC6-9960-BD22E3CCCDF8}.Debug|Any CPU.ActiveCfg = Debug|Any CPU
		{0FDAC1C5-CA42-4DC6-9960-BD22E3CCCDF8}.Debug|Any CPU.Build.0 = Debug|Any CPU
		{0FDAC1C5-CA42-4DC6-9960-BD22E3CCCDF8}.Release|Any CPU.ActiveCfg = Release|Any CPU
		{0FDAC1C5-CA42-4DC6-9960-BD22E3CCCDF8}.Release|Any CPU.Build.0 = Release|Any CPU
	EndGlobalSection
	GlobalSection(SolutionProperties) = preSolution
		HideSolutionNode = FALSE
	EndGlobalSection
	GlobalSection(ExtensibilityGlobals) = postSolution
		SolutionGuid = {D03B5C2D-E949-42D8-A82E-3BF4C3E3997D}
	EndGlobalSection
EndGlobal
