
Microsoft Visual Studio Solution File, Format Version 12.00
# Visual Studio 15
VisualStudioVersion = 15.0.27703.2026
MinimumVisualStudioVersion = 10.0.40219.1
Project("{FAE04EC0-301F-11D3-BF4B-00C04F79EFBC}") = "UserRegister", "UserRegister\UserRegister.csproj", "{94193B7F-DC63-42FC-B906-B66FA1004A68}"
EndProject
Global
	GlobalSection(SolutionConfigurationPlatforms) = preSolution
		Debug|Any CPU = Debug|Any CPU
		Release|Any CPU = Release|Any CPU
	EndGlobalSection
	GlobalSection(ProjectConfigurationPlatforms) = postSolution
		{94193B7F-DC63-42FC-B906-B66FA1004A68}.Debug|Any CPU.ActiveCfg = Debug|Any CPU
		{94193B7F-DC63-42FC-B906-B66FA1004A68}.Debug|Any CPU.Build.0 = Debug|Any CPU
		{94193B7F-DC63-42FC-B906-B66FA1004A68}.Release|Any CPU.ActiveCfg = Release|Any CPU
		{94193B7F-DC63-42FC-B906-B66FA1004A68}.Release|Any CPU.Build.0 = Release|Any CPU
	EndGlobalSection
	GlobalSection(SolutionProperties) = preSolution
		HideSolutionNode = FALSE
	EndGlobalSection
	GlobalSection(ExtensibilityGlobals) = postSolution
		SolutionGuid = {173649E7-D299-4370-B73A-E481EBD25E03}
	EndGlobalSection
EndGlobal
