
Microsoft Visual Studio Solution File, Format Version 12.00
# Visual Studio 15
VisualStudioVersion = 15.0.27703.2026
MinimumVisualStudioVersion = 10.0.40219.1
Project("{9A19103F-16F7-4668-BE54-9A1E7A4F7556}") = "simpleWebApi", "simpleWebApi\simpleWebApi.csproj", "{A5AA22C0-5DDC-4867-8F25-E66BD440D6C7}"
EndProject
Project("{9A19103F-16F7-4668-BE54-9A1E7A4F7556}") = "repoWebApi", "repoWebApi\repoWebApi.csproj", "{A72BD125-D122-4E53-B50D-C091FE4076E5}"
EndProject
Project("{9A19103F-16F7-4668-BE54-9A1E7A4F7556}") = "repo2WebApi", "repo2WebApi\repo2WebApi.csproj", "{02D5DC61-10AC-428A-BECA-5ABF3D9205FE}"
EndProject
Project("{9A19103F-16F7-4668-BE54-9A1E7A4F7556}") = "HttpClientTest", "HttpClientTest\HttpClientTest.csproj", "{671E4441-C691-4F6C-A16E-2CE8D4B0CB77}"
EndProject
Global
	GlobalSection(SolutionConfigurationPlatforms) = preSolution
		Debug|Any CPU = Debug|Any CPU
		Release|Any CPU = Release|Any CPU
	EndGlobalSection
	GlobalSection(ProjectConfigurationPlatforms) = postSolution
		{A5AA22C0-5DDC-4867-8F25-E66BD440D6C7}.Debug|Any CPU.ActiveCfg = Debug|Any CPU
		{A5AA22C0-5DDC-4867-8F25-E66BD440D6C7}.Debug|Any CPU.Build.0 = Debug|Any CPU
		{A5AA22C0-5DDC-4867-8F25-E66BD440D6C7}.Release|Any CPU.ActiveCfg = Release|Any CPU
		{A5AA22C0-5DDC-4867-8F25-E66BD440D6C7}.Release|Any CPU.Build.0 = Release|Any CPU
		{A72BD125-D122-4E53-B50D-C091FE4076E5}.Debug|Any CPU.ActiveCfg = Debug|Any CPU
		{A72BD125-D122-4E53-B50D-C091FE4076E5}.Debug|Any CPU.Build.0 = Debug|Any CPU
		{A72BD125-D122-4E53-B50D-C091FE4076E5}.Release|Any CPU.ActiveCfg = Release|Any CPU
		{A72BD125-D122-4E53-B50D-C091FE4076E5}.Release|Any CPU.Build.0 = Release|Any CPU
		{02D5DC61-10AC-428A-BECA-5ABF3D9205FE}.Debug|Any CPU.ActiveCfg = Debug|Any CPU
		{02D5DC61-10AC-428A-BECA-5ABF3D9205FE}.Debug|Any CPU.Build.0 = Debug|Any CPU
		{02D5DC61-10AC-428A-BECA-5ABF3D9205FE}.Release|Any CPU.ActiveCfg = Release|Any CPU
		{02D5DC61-10AC-428A-BECA-5ABF3D9205FE}.Release|Any CPU.Build.0 = Release|Any CPU
		{671E4441-C691-4F6C-A16E-2CE8D4B0CB77}.Debug|Any CPU.ActiveCfg = Debug|Any CPU
		{671E4441-C691-4F6C-A16E-2CE8D4B0CB77}.Debug|Any CPU.Build.0 = Debug|Any CPU
		{671E4441-C691-4F6C-A16E-2CE8D4B0CB77}.Release|Any CPU.ActiveCfg = Release|Any CPU
		{671E4441-C691-4F6C-A16E-2CE8D4B0CB77}.Release|Any CPU.Build.0 = Release|Any CPU
	EndGlobalSection
	GlobalSection(SolutionProperties) = preSolution
		HideSolutionNode = FALSE
	EndGlobalSection
	GlobalSection(ExtensibilityGlobals) = postSolution
		SolutionGuid = {B34EA5EA-E757-4C78-B9FE-475B305ACBFA}
	EndGlobalSection
EndGlobal
