
Microsoft Visual Studio Solution File, Format Version 12.00
# Visual Studio 15
VisualStudioVersion = 15.0.27703.2026
MinimumVisualStudioVersion = 10.0.40219.1
Project("{FAE04EC0-301F-11D3-BF4B-00C04F79EFBC}") = "SeedData", "SeedData\SeedData.csproj", "{08B8727F-B7B6-42EF-B420-4C3FEC245ACA}"
EndProject
Project("{FAE04EC0-301F-11D3-BF4B-00C04F79EFBC}") = "SeedData2", "SeedData2\SeedData2.csproj", "{8D8680C3-0B1C-47B4-AC0B-0A758A3974BF}"
EndProject
Global
	GlobalSection(SolutionConfigurationPlatforms) = preSolution
		Debug|Any CPU = Debug|Any CPU
		Release|Any CPU = Release|Any CPU
	EndGlobalSection
	GlobalSection(ProjectConfigurationPlatforms) = postSolution
		{08B8727F-B7B6-42EF-B420-4C3FEC245ACA}.Debug|Any CPU.ActiveCfg = Debug|Any CPU
		{08B8727F-B7B6-42EF-B420-4C3FEC245ACA}.Debug|Any CPU.Build.0 = Debug|Any CPU
		{08B8727F-B7B6-42EF-B420-4C3FEC245ACA}.Release|Any CPU.ActiveCfg = Release|Any CPU
		{08B8727F-B7B6-42EF-B420-4C3FEC245ACA}.Release|Any CPU.Build.0 = Release|Any CPU
		{8D8680C3-0B1C-47B4-AC0B-0A758A3974BF}.Debug|Any CPU.ActiveCfg = Debug|Any CPU
		{8D8680C3-0B1C-47B4-AC0B-0A758A3974BF}.Debug|Any CPU.Build.0 = Debug|Any CPU
		{8D8680C3-0B1C-47B4-AC0B-0A758A3974BF}.Release|Any CPU.ActiveCfg = Release|Any CPU
		{8D8680C3-0B1C-47B4-AC0B-0A758A3974BF}.Release|Any CPU.Build.0 = Release|Any CPU
	EndGlobalSection
	GlobalSection(SolutionProperties) = preSolution
		HideSolutionNode = FALSE
	EndGlobalSection
	GlobalSection(ExtensibilityGlobals) = postSolution
		SolutionGuid = {54E07357-B470-4343-B942-0EE3DE7433E3}
	EndGlobalSection
EndGlobal
