
Microsoft Visual Studio Solution File, Format Version 12.00
# Visual Studio 15
VisualStudioVersion = 15.0.26730.12
MinimumVisualStudioVersion = 10.0.40219.1
Project("{9A19103F-16F7-4668-BE54-9A1E7A4F7556}") = "CorePersonApi", "api\CorePersonApi.csproj", "{C12349F3-62A2-4B5B-A7D4-B60595FE6C4C}"
EndProject
Project("{9A19103F-16F7-4668-BE54-9A1E7A4F7556}") = "CoreTaskApp", "client\CoreTaskApp.csproj", "{381617AF-E6CD-466E-B7FF-17A4A9559108}"
EndProject
Global
	GlobalSection(SolutionConfigurationPlatforms) = preSolution
		Debug|Any CPU = Debug|Any CPU
		Release|Any CPU = Release|Any CPU
	EndGlobalSection
	GlobalSection(ProjectConfigurationPlatforms) = postSolution
		{C12349F3-62A2-4B5B-A7D4-B60595FE6C4C}.Debug|Any CPU.ActiveCfg = Debug|Any CPU
		{C12349F3-62A2-4B5B-A7D4-B60595FE6C4C}.Debug|Any CPU.Build.0 = Debug|Any CPU
		{C12349F3-62A2-4B5B-A7D4-B60595FE6C4C}.Release|Any CPU.ActiveCfg = Release|Any CPU
		{C12349F3-62A2-4B5B-A7D4-B60595FE6C4C}.Release|Any CPU.Build.0 = Release|Any CPU
		{381617AF-E6CD-466E-B7FF-17A4A9559108}.Debug|Any CPU.ActiveCfg = Debug|Any CPU
		{381617AF-E6CD-466E-B7FF-17A4A9559108}.Debug|Any CPU.Build.0 = Debug|Any CPU
		{381617AF-E6CD-466E-B7FF-17A4A9559108}.Release|Any CPU.ActiveCfg = Release|Any CPU
		{381617AF-E6CD-466E-B7FF-17A4A9559108}.Release|Any CPU.Build.0 = Release|Any CPU
	EndGlobalSection
	GlobalSection(SolutionProperties) = preSolution
		HideSolutionNode = FALSE
	EndGlobalSection
	GlobalSection(ExtensibilityGlobals) = postSolution
		SolutionGuid = {AB2D1E1D-2E36-4FC2-A00E-4E889107A563}
	EndGlobalSection
EndGlobal
